// !$*UTF8*$!
{
	archiveVersion = 1;
	classes = {
	};
	objectVersion = 50;
	objects = {

/* Begin PBXBuildFile section */
		49353E1625F3D7F9000CE5C0 /* AppDelegate.swift in Sources */ = {isa = PBXBuildFile; fileRef = 49353E1525F3D7F9000CE5C0 /* AppDelegate.swift */; };
		49353E1925F3D7F9000CE5C0 /* Main.storyboard in Resources */ = {isa = PBXBuildFile; fileRef = 49353E1725F3D7F9000CE5C0 /* Main.storyboard */; };
		49353E1B25F3D7F9000CE5C0 /* ViewController.swift in Sources */ = {isa = PBXBuildFile; fileRef = 49353E1A25F3D7F9000CE5C0 /* ViewController.swift */; };
		49353E1D25F3D7FA000CE5C0 /* Assets.xcassets in Resources */ = {isa = PBXBuildFile; fileRef = 49353E1C25F3D7FA000CE5C0 /* Assets.xcassets */; };
		49353E2425F3D7FA000CE5C0 /* Reveal Password Extension.appex in Embed App Extensions */ = {isa = PBXBuildFile; fileRef = 49353E2325F3D7FA000CE5C0 /* Reveal Password Extension.appex */; settings = {ATTRIBUTES = (RemoveHeadersOnCopy, ); }; };
		49353E2925F3D7FA000CE5C0 /* Cocoa.framework in Frameworks */ = {isa = PBXBuildFile; fileRef = 49353E2825F3D7FA000CE5C0 /* Cocoa.framework */; };
		49353E2C25F3D7FA000CE5C0 /* SafariWebExtensionHandler.swift in Sources */ = {isa = PBXBuildFile; fileRef = 49353E2B25F3D7FA000CE5C0 /* SafariWebExtensionHandler.swift */; };
		49353E3D25F3D7FB000CE5C0 /* background.js in Resources */ = {isa = PBXBuildFile; fileRef = 49353E3925F3D7FB000CE5C0 /* background.js */; };
		49353E3E25F3D7FB000CE5C0 /* images in Resources */ = {isa = PBXBuildFile; fileRef = 49353E3A25F3D7FB000CE5C0 /* images */; };
		49353E3F25F3D7FB000CE5C0 /* password.js in Resources */ = {isa = PBXBuildFile; fileRef = 49353E3B25F3D7FB000CE5C0 /* password.js */; };
		49353E4025F3D7FB000CE5C0 /* manifest.json in Resources */ = {isa = PBXBuildFile; fileRef = 49353E3C25F3D7FB000CE5C0 /* manifest.json */; };
/* End PBXBuildFile section */

/* Begin PBXContainerItemProxy section */
		49353E2525F3D7FA000CE5C0 /* PBXContainerItemProxy */ = {
			isa = PBXContainerItemProxy;
			containerPortal = 49353E0925F3D7F9000CE5C0 /* Project object */;
			proxyType = 1;
			remoteGlobalIDString = 49353E2225F3D7FA000CE5C0;
			remoteInfo = "Reveal Password Extension";
		};
/* End PBXContainerItemProxy section */

/* Begin PBXCopyFilesBuildPhase section */
		49353E3425F3D7FA000CE5C0 /* Embed App Extensions */ = {
			isa = PBXCopyFilesBuildPhase;
			buildActionMask = 8;
			dstPath = "";
			dstSubfolderSpec = 13;
			files = (
				49353E2425F3D7FA000CE5C0 /* Reveal Password Extension.appex in Embed App Extensions */,
			);
			name = "Embed App Extensions";
			runOnlyForDeploymentPostprocessing = 1;
		};
/* End PBXCopyFilesBuildPhase section */

/* Begin PBXFileReference section */
		49353E1125F3D7F9000CE5C0 /* Reveal Password.app */ = {isa = PBXFileReference; explicitFileType = wrapper.application; includeInIndex = 0; path = "Reveal Password.app"; sourceTree = BUILT_PRODUCTS_DIR; };
		49353E1425F3D7F9000CE5C0 /* Reveal_Password.entitlements */ = {isa = PBXFileReference; lastKnownFileType = text.plist.entitlements; path = Reveal_Password.entitlements; sourceTree = "<group>"; };
		49353E1525F3D7F9000CE5C0 /* AppDelegate.swift */ = {isa = PBXFileReference; lastKnownFileType = sourcecode.swift; path = AppDelegate.swift; sourceTree = "<group>"; };
		49353E1825F3D7F9000CE5C0 /* Base */ = {isa = PBXFileReference; lastKnownFileType = file.storyboard; name = Base; path = Base.lproj/Main.storyboard; sourceTree = "<group>"; };
		49353E1A25F3D7F9000CE5C0 /* ViewController.swift */ = {isa = PBXFileReference; lastKnownFileType = sourcecode.swift; path = ViewController.swift; sourceTree = "<group>"; };
		49353E1C25F3D7FA000CE5C0 /* Assets.xcassets */ = {isa = PBXFileReference; lastKnownFileType = folder.assetcatalog; path = Assets.xcassets; sourceTree = "<group>"; };
		49353E1E25F3D7FA000CE5C0 /* Info.plist */ = {isa = PBXFileReference; lastKnownFileType = text.plist.xml; path = Info.plist; sourceTree = "<group>"; };
		49353E2325F3D7FA000CE5C0 /* Reveal Password Extension.appex */ = {isa = PBXFileReference; explicitFileType = "wrapper.app-extension"; includeInIndex = 0; path = "Reveal Password Extension.appex"; sourceTree = BUILT_PRODUCTS_DIR; };
		49353E2825F3D7FA000CE5C0 /* Cocoa.framework */ = {isa = PBXFileReference; lastKnownFileType = wrapper.framework; name = Cocoa.framework; path = System/Library/Frameworks/Cocoa.framework; sourceTree = SDKROOT; };
		49353E2B25F3D7FA000CE5C0 /* SafariWebExtensionHandler.swift */ = {isa = PBXFileReference; lastKnownFileType = sourcecode.swift; path = SafariWebExtensionHandler.swift; sourceTree = "<group>"; };
		49353E2D25F3D7FA000CE5C0 /* Info.plist */ = {isa = PBXFileReference; lastKnownFileType = text.plist.xml; path = Info.plist; sourceTree = "<group>"; };
		49353E2E25F3D7FA000CE5C0 /* Reveal_Password_Extension.entitlements */ = {isa = PBXFileReference; lastKnownFileType = text.plist.entitlements; path = Reveal_Password_Extension.entitlements; sourceTree = "<group>"; };
		49353E3925F3D7FB000CE5C0 /* background.js */ = {isa = PBXFileReference; lastKnownFileType = sourcecode.javascript; name = background.js; path = ../../../src/background.js; sourceTree = "<group>"; };
		49353E3A25F3D7FB000CE5C0 /* images */ = {isa = PBXFileReference; lastKnownFileType = folder; name = images; path = ../../../src/images; sourceTree = "<group>"; };
		49353E3B25F3D7FB000CE5C0 /* password.js */ = {isa = PBXFileReference; lastKnownFileType = sourcecode.javascript; name = password.js; path = ../../../src/password.js; sourceTree = "<group>"; };
		49353E3C25F3D7FB000CE5C0 /* manifest.json */ = {isa = PBXFileReference; lastKnownFileType = text.json; name = manifest.json; path = ../../../src/manifest.json; sourceTree = "<group>"; };
/* End PBXFileReference section */

/* Begin PBXFrameworksBuildPhase section */
		49353E0E25F3D7F9000CE5C0 /* Frameworks */ = {
			isa = PBXFrameworksBuildPhase;
			buildActionMask = 2147483647;
			files = (
			);
			runOnlyForDeploymentPostprocessing = 0;
		};
		49353E2025F3D7FA000CE5C0 /* Frameworks */ = {
			isa = PBXFrameworksBuildPhase;
			buildActionMask = 2147483647;
			files = (
				49353E2925F3D7FA000CE5C0 /* Cocoa.framework in Frameworks */,
			);
			runOnlyForDeploymentPostprocessing = 0;
		};
/* End PBXFrameworksBuildPhase section */

/* Begin PBXGroup section */
		49353E0825F3D7F9000CE5C0 = {
			isa = PBXGroup;
			children = (
				49353E1325F3D7F9000CE5C0 /* Reveal Password */,
				49353E2A25F3D7FA000CE5C0 /* Reveal Password Extension */,
				49353E2725F3D7FA000CE5C0 /* Frameworks */,
				49353E1225F3D7F9000CE5C0 /* Products */,
			);
			sourceTree = "<group>";
		};
		49353E1225F3D7F9000CE5C0 /* Products */ = {
			isa = PBXGroup;
			children = (
				49353E1125F3D7F9000CE5C0 /* Reveal Password.app */,
				49353E2325F3D7FA000CE5C0 /* Reveal Password Extension.appex */,
			);
			name = Products;
			sourceTree = "<group>";
		};
		49353E1325F3D7F9000CE5C0 /* Reveal Password */ = {
			isa = PBXGroup;
			children = (
				49353E1425F3D7F9000CE5C0 /* Reveal_Password.entitlements */,
				49353E1525F3D7F9000CE5C0 /* AppDelegate.swift */,
				49353E1725F3D7F9000CE5C0 /* Main.storyboard */,
				49353E1A25F3D7F9000CE5C0 /* ViewController.swift */,
				49353E1C25F3D7FA000CE5C0 /* Assets.xcassets */,
				49353E1E25F3D7FA000CE5C0 /* Info.plist */,
			);
			path = "Reveal Password";
			sourceTree = "<group>";
		};
		49353E2725F3D7FA000CE5C0 /* Frameworks */ = {
			isa = PBXGroup;
			children = (
				49353E2825F3D7FA000CE5C0 /* Cocoa.framework */,
			);
			name = Frameworks;
			sourceTree = "<group>";
		};
		49353E2A25F3D7FA000CE5C0 /* Reveal Password Extension */ = {
			isa = PBXGroup;
			children = (
				49353E3825F3D7FB000CE5C0 /* Resources */,
				49353E2B25F3D7FA000CE5C0 /* SafariWebExtensionHandler.swift */,
				49353E2D25F3D7FA000CE5C0 /* Info.plist */,
				49353E2E25F3D7FA000CE5C0 /* Reveal_Password_Extension.entitlements */,
			);
			path = "Reveal Password Extension";
			sourceTree = "<group>";
		};
		49353E3825F3D7FB000CE5C0 /* Resources */ = {
			isa = PBXGroup;
			children = (
				49353E3925F3D7FB000CE5C0 /* background.js */,
				49353E3A25F3D7FB000CE5C0 /* images */,
				49353E3B25F3D7FB000CE5C0 /* password.js */,
				49353E3C25F3D7FB000CE5C0 /* manifest.json */,
			);
			name = Resources;
			path = "Reveal Password Extension";
			sourceTree = SOURCE_ROOT;
		};
/* End PBXGroup section */

/* Begin PBXNativeTarget section */
		49353E1025F3D7F9000CE5C0 /* Reveal Password */ = {
			isa = PBXNativeTarget;
			buildConfigurationList = 49353E3525F3D7FA000CE5C0 /* Build configuration list for PBXNativeTarget "Reveal Password" */;
			buildPhases = (
				49353E0D25F3D7F9000CE5C0 /* Sources */,
				49353E0E25F3D7F9000CE5C0 /* Frameworks */,
				49353E0F25F3D7F9000CE5C0 /* Resources */,
				49353E3425F3D7FA000CE5C0 /* Embed App Extensions */,
			);
			buildRules = (
			);
			dependencies = (
				49353E2625F3D7FA000CE5C0 /* PBXTargetDependency */,
			);
			name = "Reveal Password";
			productName = "Reveal Password";
			productReference = 49353E1125F3D7F9000CE5C0 /* Reveal Password.app */;
			productType = "com.apple.product-type.application";
		};
		49353E2225F3D7FA000CE5C0 /* Reveal Password Extension */ = {
			isa = PBXNativeTarget;
			buildConfigurationList = 49353E3125F3D7FA000CE5C0 /* Build configuration list for PBXNativeTarget "Reveal Password Extension" */;
			buildPhases = (
				49353E1F25F3D7FA000CE5C0 /* Sources */,
				49353E2025F3D7FA000CE5C0 /* Frameworks */,
				49353E2125F3D7FA000CE5C0 /* Resources */,
			);
			buildRules = (
			);
			dependencies = (
			);
			name = "Reveal Password Extension";
			productName = "Reveal Password Extension";
			productReference = 49353E2325F3D7FA000CE5C0 /* Reveal Password Extension.appex */;
			productType = "com.apple.product-type.app-extension";
		};
/* End PBXNativeTarget section */

/* Begin PBXProject section */
		49353E0925F3D7F9000CE5C0 /* Project object */ = {
			isa = PBXProject;
			attributes = {
				LastSwiftUpdateCheck = 1240;
				LastUpgradeCheck = 1240;
				TargetAttributes = {
					49353E1025F3D7F9000CE5C0 = {
						CreatedOnToolsVersion = 12.4;
					};
					49353E2225F3D7FA000CE5C0 = {
						CreatedOnToolsVersion = 12.4;
					};
				};
			};
			buildConfigurationList = 49353E0C25F3D7F9000CE5C0 /* Build configuration list for PBXProject "Reveal Password" */;
			compatibilityVersion = "Xcode 9.3";
			developmentRegion = en;
			hasScannedForEncodings = 0;
			knownRegions = (
				en,
				Base,
			);
			mainGroup = 49353E0825F3D7F9000CE5C0;
			productRefGroup = 49353E1225F3D7F9000CE5C0 /* Products */;
			projectDirPath = "";
			projectRoot = "";
			targets = (
				49353E1025F3D7F9000CE5C0 /* Reveal Password */,
				49353E2225F3D7FA000CE5C0 /* Reveal Password Extension */,
			);
		};
/* End PBXProject section */

/* Begin PBXResourcesBuildPhase section */
		49353E0F25F3D7F9000CE5C0 /* Resources */ = {
			isa = PBXResourcesBuildPhase;
			buildActionMask = 2147483647;
			files = (
				49353E1D25F3D7FA000CE5C0 /* Assets.xcassets in Resources */,
				49353E1925F3D7F9000CE5C0 /* Main.storyboard in Resources */,
			);
			runOnlyForDeploymentPostprocessing = 0;
		};
		49353E2125F3D7FA000CE5C0 /* Resources */ = {
			isa = PBXResourcesBuildPhase;
			buildActionMask = 2147483647;
			files = (
				49353E4025F3D7FB000CE5C0 /* manifest.json in Resources */,
				49353E3E25F3D7FB000CE5C0 /* images in Resources */,
				49353E3D25F3D7FB000CE5C0 /* background.js in Resources */,
				49353E3F25F3D7FB000CE5C0 /* password.js in Resources */,
			);
			runOnlyForDeploymentPostprocessing = 0;
		};
/* End PBXResourcesBuildPhase section */

/* Begin PBXSourcesBuildPhase section */
		49353E0D25F3D7F9000CE5C0 /* Sources */ = {
			isa = PBXSourcesBuildPhase;
			buildActionMask = 2147483647;
			files = (
				49353E1B25F3D7F9000CE5C0 /* ViewController.swift in Sources */,
				49353E1625F3D7F9000CE5C0 /* AppDelegate.swift in Sources */,
			);
			runOnlyForDeploymentPostprocessing = 0;
		};
		49353E1F25F3D7FA000CE5C0 /* Sources */ = {
			isa = PBXSourcesBuildPhase;
			buildActionMask = 2147483647;
			files = (
				49353E2C25F3D7FA000CE5C0 /* SafariWebExtensionHandler.swift in Sources */,
			);
			runOnlyForDeploymentPostprocessing = 0;
		};
/* End PBXSourcesBuildPhase section */

/* Begin PBXTargetDependency section */
		49353E2625F3D7FA000CE5C0 /* PBXTargetDependency */ = {
			isa = PBXTargetDependency;
			target = 49353E2225F3D7FA000CE5C0 /* Reveal Password Extension */;
			targetProxy = 49353E2525F3D7FA000CE5C0 /* PBXContainerItemProxy */;
		};
/* End PBXTargetDependency section */

/* Begin PBXVariantGroup section */
		49353E1725F3D7F9000CE5C0 /* Main.storyboard */ = {
			isa = PBXVariantGroup;
			children = (
				49353E1825F3D7F9000CE5C0 /* Base */,
			);
			name = Main.storyboard;
			sourceTree = "<group>";
		};
/* End PBXVariantGroup section */

/* Begin XCBuildConfiguration section */
		49353E2F25F3D7FA000CE5C0 /* Debug */ = {
			isa = XCBuildConfiguration;
			buildSettings = {
				ALWAYS_SEARCH_USER_PATHS = NO;
				CLANG_ANALYZER_NONNULL = YES;
				CLANG_ANALYZER_NUMBER_OBJECT_CONVERSION = YES_AGGRESSIVE;
				CLANG_CXX_LANGUAGE_STANDARD = "gnu++14";
				CLANG_CXX_LIBRARY = "libc++";
				CLANG_ENABLE_MODULES = YES;
				CLANG_ENABLE_OBJC_ARC = YES;
				CLANG_ENABLE_OBJC_WEAK = YES;
				CLANG_WARN_BLOCK_CAPTURE_AUTORELEASING = YES;
				CLANG_WARN_BOOL_CONVERSION = YES;
				CLANG_WARN_COMMA = YES;
				CLANG_WARN_CONSTANT_CONVERSION = YES;
				CLANG_WARN_DEPRECATED_OBJC_IMPLEMENTATIONS = YES;
				CLANG_WARN_DIRECT_OBJC_ISA_USAGE = YES_ERROR;
				CLANG_WARN_DOCUMENTATION_COMMENTS = YES;
				CLANG_WARN_EMPTY_BODY = YES;
				CLANG_WARN_ENUM_CONVERSION = YES;
				CLANG_WARN_INFINITE_RECURSION = YES;
				CLANG_WARN_INT_CONVERSION = YES;
				CLANG_WARN_NON_LITERAL_NULL_CONVERSION = YES;
				CLANG_WARN_OBJC_IMPLICIT_RETAIN_SELF = YES;
				CLANG_WARN_OBJC_LITERAL_CONVERSION = YES;
				CLANG_WARN_OBJC_ROOT_CLASS = YES_ERROR;
				CLANG_WARN_QUOTED_INCLUDE_IN_FRAMEWORK_HEADER = YES;
				CLANG_WARN_RANGE_LOOP_ANALYSIS = YES;
				CLANG_WARN_STRICT_PROTOTYPES = YES;
				CLANG_WARN_SUSPICIOUS_MOVE = YES;
				CLANG_WARN_UNGUARDED_AVAILABILITY = YES_AGGRESSIVE;
				CLANG_WARN_UNREACHABLE_CODE = YES;
				CLANG_WARN__DUPLICATE_METHOD_MATCH = YES;
				COPY_PHASE_STRIP = NO;
				DEBUG_INFORMATION_FORMAT = dwarf;
				ENABLE_STRICT_OBJC_MSGSEND = YES;
				ENABLE_TESTABILITY = YES;
				GCC_C_LANGUAGE_STANDARD = gnu11;
				GCC_DYNAMIC_NO_PIC = NO;
				GCC_NO_COMMON_BLOCKS = YES;
				GCC_OPTIMIZATION_LEVEL = 0;
				GCC_PREPROCESSOR_DEFINITIONS = (
					"DEBUG=1",
					"$(inherited)",
				);
				GCC_WARN_64_TO_32_BIT_CONVERSION = YES;
				GCC_WARN_ABOUT_RETURN_TYPE = YES_ERROR;
				GCC_WARN_UNDECLARED_SELECTOR = YES;
				GCC_WARN_UNINITIALIZED_AUTOS = YES_AGGRESSIVE;
				GCC_WARN_UNUSED_FUNCTION = YES;
				GCC_WARN_UNUSED_VARIABLE = YES;
				MACOSX_DEPLOYMENT_TARGET = 11.1;
				MTL_ENABLE_DEBUG_INFO = INCLUDE_SOURCE;
				MTL_FAST_MATH = YES;
				ONLY_ACTIVE_ARCH = YES;
				SDKROOT = macosx;
				SWIFT_ACTIVE_COMPILATION_CONDITIONS = DEBUG;
				SWIFT_OPTIMIZATION_LEVEL = "-Onone";
			};
			name = Debug;
		};
		49353E3025F3D7FA000CE5C0 /* Release */ = {
			isa = XCBuildConfiguration;
			buildSettings = {
				ALWAYS_SEARCH_USER_PATHS = NO;
				CLANG_ANALYZER_NONNULL = YES;
				CLANG_ANALYZER_NUMBER_OBJECT_CONVERSION = YES_AGGRESSIVE;
				CLANG_CXX_LANGUAGE_STANDARD = "gnu++14";
				CLANG_CXX_LIBRARY = "libc++";
				CLANG_ENABLE_MODULES = YES;
				CLANG_ENABLE_OBJC_ARC = YES;
				CLANG_ENABLE_OBJC_WEAK = YES;
				CLANG_WARN_BLOCK_CAPTURE_AUTORELEASING = YES;
				CLANG_WARN_BOOL_CONVERSION = YES;
				CLANG_WARN_COMMA = YES;
				CLANG_WARN_CONSTANT_CONVERSION = YES;
				CLANG_WARN_DEPRECATED_OBJC_IMPLEMENTATIONS = YES;
				CLANG_WARN_DIRECT_OBJC_ISA_USAGE = YES_ERROR;
				CLANG_WARN_DOCUMENTATION_COMMENTS = YES;
				CLANG_WARN_EMPTY_BODY = YES;
				CLANG_WARN_ENUM_CONVERSION = YES;
				CLANG_WARN_INFINITE_RECURSION = YES;
				CLANG_WARN_INT_CONVERSION = YES;
				CLANG_WARN_NON_LITERAL_NULL_CONVERSION = YES;
				CLANG_WARN_OBJC_IMPLICIT_RETAIN_SELF = YES;
				CLANG_WARN_OBJC_LITERAL_CONVERSION = YES;
				CLANG_WARN_OBJC_ROOT_CLASS = YES_ERROR;
				CLANG_WARN_QUOTED_INCLUDE_IN_FRAMEWORK_HEADER = YES;
				CLANG_WARN_RANGE_LOOP_ANALYSIS = YES;
				CLANG_WARN_STRICT_PROTOTYPES = YES;
				CLANG_WARN_SUSPICIOUS_MOVE = YES;
				CLANG_WARN_UNGUARDED_AVAILABILITY = YES_AGGRESSIVE;
				CLANG_WARN_UNREACHABLE_CODE = YES;
				CLANG_WARN__DUPLICATE_METHOD_MATCH = YES;
				COPY_PHASE_STRIP = NO;
				DEBUG_INFORMATION_FORMAT = "dwarf-with-dsym";
				ENABLE_NS_ASSERTIONS = NO;
				ENABLE_STRICT_OBJC_MSGSEND = YES;
				GCC_C_LANGUAGE_STANDARD = gnu11;
				GCC_NO_COMMON_BLOCKS = YES;
				GCC_WARN_64_TO_32_BIT_CONVERSION = YES;
				GCC_WARN_ABOUT_RETURN_TYPE = YES_ERROR;
				GCC_WARN_UNDECLARED_SELECTOR = YES;
				GCC_WARN_UNINITIALIZED_AUTOS = YES_AGGRESSIVE;
				GCC_WARN_UNUSED_FUNCTION = YES;
				GCC_WARN_UNUSED_VARIABLE = YES;
				MACOSX_DEPLOYMENT_TARGET = 11.1;
				MTL_ENABLE_DEBUG_INFO = NO;
				MTL_FAST_MATH = YES;
				SDKROOT = macosx;
				SWIFT_COMPILATION_MODE = wholemodule;
				SWIFT_OPTIMIZATION_LEVEL = "-O";
			};
			name = Release;
		};
		49353E3225F3D7FA000CE5C0 /* Debug */ = {
			isa = XCBuildConfiguration;
			buildSettings = {
				CODE_SIGN_ENTITLEMENTS = "Reveal Password Extension/Reveal_Password_Extension.entitlements";
				CODE_SIGN_STYLE = Automatic;
				CURRENT_PROJECT_VERSION = 2;
				DEVELOPMENT_TEAM = 8GQ48BV65L;
				INFOPLIST_FILE = "Reveal Password Extension/Info.plist";
				LD_RUNPATH_SEARCH_PATHS = (
					"$(inherited)",
					"@executable_path/../Frameworks",
					"@executable_path/../../../../Frameworks",
				);
				MACOSX_DEPLOYMENT_TARGET = 10.14;
				PRODUCT_BUNDLE_IDENTIFIER = net.adventmedia.revealPassword.extension;
				PRODUCT_NAME = "$(TARGET_NAME)";
				SKIP_INSTALL = YES;
				SWIFT_VERSION = 5.0;
			};
			name = Debug;
		};
		49353E3325F3D7FA000CE5C0 /* Release */ = {
			isa = XCBuildConfiguration;
			buildSettings = {
				CODE_SIGN_ENTITLEMENTS = "Reveal Password Extension/Reveal_Password_Extension.entitlements";
				CODE_SIGN_STYLE = Automatic;
				CURRENT_PROJECT_VERSION = 2;
				DEVELOPMENT_TEAM = 8GQ48BV65L;
				INFOPLIST_FILE = "Reveal Password Extension/Info.plist";
				LD_RUNPATH_SEARCH_PATHS = (
					"$(inherited)",
					"@executable_path/../Frameworks",
					"@executable_path/../../../../Frameworks",
				);
				MACOSX_DEPLOYMENT_TARGET = 10.14;
				PRODUCT_BUNDLE_IDENTIFIER = net.adventmedia.revealPassword.extension;
				PRODUCT_NAME = "$(TARGET_NAME)";
				SKIP_INSTALL = YES;
				SWIFT_VERSION = 5.0;
			};
			name = Release;
		};
		49353E3625F3D7FA000CE5C0 /* Debug */ = {
			isa = XCBuildConfiguration;
			buildSettings = {
				ALWAYS_EMBED_SWIFT_STANDARD_LIBRARIES = YES;
				ASSETCATALOG_COMPILER_APPICON_NAME = AppIcon;
				ASSETCATALOG_COMPILER_GLOBAL_ACCENT_COLOR_NAME = AccentColor;
				CODE_SIGN_ENTITLEMENTS = "Reveal Password/Reveal_Password.entitlements";
				CODE_SIGN_IDENTITY = "Apple Development";
				CODE_SIGN_STYLE = Automatic;
				COMBINE_HIDPI_IMAGES = YES;
				CURRENT_PROJECT_VERSION = 2;
				DEVELOPMENT_TEAM = 8GQ48BV65L;
				INFOPLIST_FILE = "Reveal Password/Info.plist";
				LD_RUNPATH_SEARCH_PATHS = (
					"$(inherited)",
					"@executable_path/../Frameworks",
				);
				MACOSX_DEPLOYMENT_TARGET = 10.14;
				PRODUCT_BUNDLE_IDENTIFIER = net.adventmedia.revealPassword;
				PRODUCT_NAME = "$(TARGET_NAME)";
				SWIFT_VERSION = 5.0;
			};
			name = Debug;
		};
		49353E3725F3D7FA000CE5C0 /* Release */ = {
			isa = XCBuildConfiguration;
			buildSettings = {
				ALWAYS_EMBED_SWIFT_STANDARD_LIBRARIES = YES;
				ASSETCATALOG_COMPILER_APPICON_NAME = AppIcon;
				ASSETCATALOG_COMPILER_GLOBAL_ACCENT_COLOR_NAME = AccentColor;
				CODE_SIGN_ENTITLEMENTS = "Reveal Password/Reveal_Password.entitlements";
				CODE_SIGN_IDENTITY = "Apple Development";
				CODE_SIGN_STYLE = Automatic;
				COMBINE_HIDPI_IMAGES = YES;
				CURRENT_PROJECT_VERSION = 2;
				DEVELOPMENT_TEAM = 8GQ48BV65L;
				INFOPLIST_FILE = "Reveal Password/Info.plist";
				LD_RUNPATH_SEARCH_PATHS = (
					"$(inherited)",
					"@executable_path/../Frameworks",
				);
				MACOSX_DEPLOYMENT_TARGET = 10.14;
				PRODUCT_BUNDLE_IDENTIFIER = net.adventmedia.revealPassword;
				PRODUCT_NAME = "$(TARGET_NAME)";
				SWIFT_VERSION = 5.0;
			};
			name = Release;
		};
/* End XCBuildConfiguration section */

/* Begin XCConfigurationList section */
		49353E0C25F3D7F9000CE5C0 /* Build configuration list for PBXProject "Reveal Password" */ = {
			isa = XCConfigurationList;
			buildConfigurations = (
				49353E2F25F3D7FA000CE5C0 /* Debug */,
				49353E3025F3D7FA000CE5C0 /* Release */,
			);
			defaultConfigurationIsVisible = 0;
			defaultConfigurationName = Release;
		};
		49353E3125F3D7FA000CE5C0 /* Build configuration list for PBXNativeTarget "Reveal Password Extension" */ = {
			isa = XCConfigurationList;
			buildConfigurations = (
				49353E3225F3D7FA000CE5C0 /* Debug */,
				49353E3325F3D7FA000CE5C0 /* Release */,
			);
			defaultConfigurationIsVisible = 0;
			defaultConfigurationName = Release;
		};
		49353E3525F3D7FA000CE5C0 /* Build configuration list for PBXNativeTarget "Reveal Password" */ = {
			isa = XCConfigurationList;
			buildConfigurations = (
				49353E3625F3D7FA000CE5C0 /* Debug */,
				49353E3725F3D7FA000CE5C0 /* Release */,
			);
			defaultConfigurationIsVisible = 0;
			defaultConfigurationName = Release;
		};
/* End XCConfigurationList section */
	};
	rootObject = 49353E0925F3D7F9000CE5C0 /* Project object */;
}
